
Microsoft Visual Studio Solution File, Format Version 12.00
# Visual Studio Version 17
VisualStudioVersion = 17.4.33213.308
MinimumVisualStudioVersion = 10.0.40219.1
Project("{9A19103F-16F7-4668-BE54-9A1E7A4F7556}") = "WebAPI", "WebAPI.csproj", "{9B8E409B-5B69-4402-9243-7EE0D06FA465}"
EndProject
Global
	GlobalSection(SolutionConfigurationPlatforms) = preSolution
		Debug|Any CPU = Debug|Any CPU
		Release|Any CPU = Release|Any CPU
	EndGlobalSection
	GlobalSection(ProjectConfigurationPlatforms) = postSolution
		{9B8E409B-5B69-4402-9243-7EE0D06FA465}.Debug|Any CPU.ActiveCfg = Debug|Any CPU
		{9B8E409B-5B69-4402-9243-7EE0D06FA465}.Debug|Any CPU.Build.0 = Debug|Any CPU
		{9B8E409B-5B69-4402-9243-7EE0D06FA465}.Release|Any CPU.ActiveCfg = Release|Any CPU
		{9B8E409B-5B69-4402-9243-7EE0D06FA465}.Release|Any CPU.Build.0 = Release|Any CPU
	EndGlobalSection
	GlobalSection(SolutionProperties) = preSolution
		HideSolutionNode = FALSE
	EndGlobalSection
	GlobalSection(ExtensibilityGlobals) = postSolution
		SolutionGuid = {A83ED077-76B7-49B7-A227-1BE5B5BA9E6F}
	EndGlobalSection
EndGlobal
